
Microsoft Visual Studio Solution File, Format Version 12.00
# Visual Studio 15
VisualStudioVersion = 15.0.28307.329
MinimumVisualStudioVersion = 10.0.40219.1
Project("{8BC9CEB8-8B4A-11D0-8D11-00A0C91BC942}") = "Disassembler", "Disassembler\Disassembler.vcxproj", "{EAFC0C1B-4C50-4FEE-9C33-2A8D9330CA9A}"
	ProjectSection(ProjectDependencies) = postProject
		{23700964-7104-45F9-8504-9A8584608AC5} = {23700964-7104-45F9-8504-9A8584608AC5}
	EndProjectSection
EndProject
Project("{8BC9CEB8-8B4A-11D0-8D11-00A0C91BC942}") = "Chip8", "Chip8\Chip8.vcxproj", "{23700964-7104-45F9-8504-9A8584608AC5}"
EndProject
Project("{8BC9CEB8-8B4A-11D0-8D11-00A0C91BC942}") = "DynamicAssembler", "DynamicAssembler\DynamicAssembler.vcxproj", "{307832E1-4F03-4595-B39A-AA104D5E6EB8}"
EndProject
Project("{8BC9CEB8-8B4A-11D0-8D11-00A0C91BC942}") = "Assembler", "Assembler\Assembler.vcxproj", "{275671F5-4177-4F11-812E-8F18D6D0F4E3}"
EndProject
Global
	GlobalSection(SolutionConfigurationPlatforms) = preSolution
		Debug|x64 = Debug|x64
		Debug|x86 = Debug|x86
		Release|x64 = Release|x64
		Release|x86 = Release|x86
	EndGlobalSection
	GlobalSection(ProjectConfigurationPlatforms) = postSolution
		{EAFC0C1B-4C50-4FEE-9C33-2A8D9330CA9A}.Debug|x64.ActiveCfg = Debug|x64
		{EAFC0C1B-4C50-4FEE-9C33-2A8D9330CA9A}.Debug|x64.Build.0 = Debug|x64
		{EAFC0C1B-4C50-4FEE-9C33-2A8D9330CA9A}.Debug|x86.ActiveCfg = Debug|Win32
		{EAFC0C1B-4C50-4FEE-9C33-2A8D9330CA9A}.Debug|x86.Build.0 = Debug|Win32
		{EAFC0C1B-4C50-4FEE-9C33-2A8D9330CA9A}.Release|x64.ActiveCfg = Release|x64
		{EAFC0C1B-4C50-4FEE-9C33-2A8D9330CA9A}.Release|x64.Build.0 = Release|x64
		{EAFC0C1B-4C50-4FEE-9C33-2A8D9330CA9A}.Release|x86.ActiveCfg = Release|Win32
		{EAFC0C1B-4C50-4FEE-9C33-2A8D9330CA9A}.Release|x86.Build.0 = Release|Win32
		{23700964-7104-45F9-8504-9A8584608AC5}.Debug|x64.ActiveCfg = Debug|x64
		{23700964-7104-45F9-8504-9A8584608AC5}.Debug|x64.Build.0 = Debug|x64
		{23700964-7104-45F9-8504-9A8584608AC5}.Debug|x86.ActiveCfg = Debug|Win32
		{23700964-7104-45F9-8504-9A8584608AC5}.Debug|x86.Build.0 = Debug|Win32
		{23700964-7104-45F9-8504-9A8584608AC5}.Release|x64.ActiveCfg = Release|x64
		{23700964-7104-45F9-8504-9A8584608AC5}.Release|x64.Build.0 = Release|x64
		{23700964-7104-45F9-8504-9A8584608AC5}.Release|x86.ActiveCfg = Release|Win32
		{23700964-7104-45F9-8504-9A8584608AC5}.Release|x86.Build.0 = Release|Win32
		{307832E1-4F03-4595-B39A-AA104D5E6EB8}.Debug|x64.ActiveCfg = Debug|x64
		{307832E1-4F03-4595-B39A-AA104D5E6EB8}.Debug|x64.Build.0 = Debug|x64
		{307832E1-4F03-4595-B39A-AA104D5E6EB8}.Debug|x86.ActiveCfg = Debug|Win32
		{307832E1-4F03-4595-B39A-AA104D5E6EB8}.Debug|x86.Build.0 = Debug|Win32
		{307832E1-4F03-4595-B39A-AA104D5E6EB8}.Release|x64.ActiveCfg = Release|x64
		{307832E1-4F03-4595-B39A-AA104D5E6EB8}.Release|x64.Build.0 = Release|x64
		{307832E1-4F03-4595-B39A-AA104D5E6EB8}.Release|x86.ActiveCfg = Release|Win32
		{307832E1-4F03-4595-B39A-AA104D5E6EB8}.Release|x86.Build.0 = Release|Win32
		{275671F5-4177-4F11-812E-8F18D6D0F4E3}.Debug|x64.ActiveCfg = Debug|x64
		{275671F5-4177-4F11-812E-8F18D6D0F4E3}.Debug|x64.Build.0 = Debug|x64
		{275671F5-4177-4F11-812E-8F18D6D0F4E3}.Debug|x86.ActiveCfg = Debug|Win32
		{275671F5-4177-4F11-812E-8F18D6D0F4E3}.Debug|x86.Build.0 = Debug|Win32
		{275671F5-4177-4F11-812E-8F18D6D0F4E3}.Release|x64.ActiveCfg = Release|x64
		{275671F5-4177-4F11-812E-8F18D6D0F4E3}.Release|x64.Build.0 = Release|x64
		{275671F5-4177-4F11-812E-8F18D6D0F4E3}.Release|x86.ActiveCfg = Release|Win32
		{275671F5-4177-4F11-812E-8F18D6D0F4E3}.Release|x86.Build.0 = Release|Win32
	EndGlobalSection
	GlobalSection(SolutionProperties) = preSolution
		HideSolutionNode = FALSE
	EndGlobalSection
	GlobalSection(ExtensibilityGlobals) = postSolution
		SolutionGuid = {D7925420-C906-4604-9D38-6657833C46FE}
	EndGlobalSection
EndGlobal
